
Microsoft Visual Studio Solution File, Format Version 12.00
# Visual Studio Version 16
VisualStudioVersion = 16.0.30523.141
MinimumVisualStudioVersion = 10.0.40219.1
Project("{FAE04EC0-301F-11D3-BF4B-00C04F79EFBC}") = "Zadanie1", "Zadanie1\Zadanie1.csproj", "{0777F70F-5BF6-4C4F-BFF1-AB8D6B809F74}"
EndProject
Project("{FAE04EC0-301F-11D3-BF4B-00C04F79EFBC}") = "Zadanie2", "Zadanie2\Zadanie2.csproj", "{8244D25A-9643-4685-ACB1-FDF381844D1E}"
EndProject
Project("{FAE04EC0-301F-11D3-BF4B-00C04F79EFBC}") = "Zadanie3", "Zadanie3\Zadanie3.csproj", "{B0C002B4-D8F4-477D-B4DC-BA8003243B22}"
EndProject
Project("{FAE04EC0-301F-11D3-BF4B-00C04F79EFBC}") = "Zadanie4", "Zadanie4\Zadanie4.csproj", "{6E02AAF0-E16E-4403-ACCB-32D25AD66B88}"
EndProject
Project("{FAE04EC0-301F-11D3-BF4B-00C04F79EFBC}") = "Zadanie5", "Zadanie5\Zadanie5.csproj", "{F2D281FB-9EFC-4ADB-8D92-CD9350EB13CB}"
EndProject
Global
	GlobalSection(SolutionConfigurationPlatforms) = preSolution
		Debug|Any CPU = Debug|Any CPU
		Release|Any CPU = Release|Any CPU
	EndGlobalSection
	GlobalSection(ProjectConfigurationPlatforms) = postSolution
		{0777F70F-5BF6-4C4F-BFF1-AB8D6B809F74}.Debug|Any CPU.ActiveCfg = Debug|Any CPU
		{0777F70F-5BF6-4C4F-BFF1-AB8D6B809F74}.Debug|Any CPU.Build.0 = Debug|Any CPU
		{0777F70F-5BF6-4C4F-BFF1-AB8D6B809F74}.Release|Any CPU.ActiveCfg = Release|Any CPU
		{0777F70F-5BF6-4C4F-BFF1-AB8D6B809F74}.Release|Any CPU.Build.0 = Release|Any CPU
		{8244D25A-9643-4685-ACB1-FDF381844D1E}.Debug|Any CPU.ActiveCfg = Debug|Any CPU
		{8244D25A-9643-4685-ACB1-FDF381844D1E}.Debug|Any CPU.Build.0 = Debug|Any CPU
		{8244D25A-9643-4685-ACB1-FDF381844D1E}.Release|Any CPU.ActiveCfg = Release|Any CPU
		{8244D25A-9643-4685-ACB1-FDF381844D1E}.Release|Any CPU.Build.0 = Release|Any CPU
		{B0C002B4-D8F4-477D-B4DC-BA8003243B22}.Debug|Any CPU.ActiveCfg = Debug|Any CPU
		{B0C002B4-D8F4-477D-B4DC-BA8003243B22}.Debug|Any CPU.Build.0 = Debug|Any CPU
		{B0C002B4-D8F4-477D-B4DC-BA8003243B22}.Release|Any CPU.ActiveCfg = Release|Any CPU
		{B0C002B4-D8F4-477D-B4DC-BA8003243B22}.Release|Any CPU.Build.0 = Release|Any CPU
		{6E02AAF0-E16E-4403-ACCB-32D25AD66B88}.Debug|Any CPU.ActiveCfg = Debug|Any CPU
		{6E02AAF0-E16E-4403-ACCB-32D25AD66B88}.Debug|Any CPU.Build.0 = Debug|Any CPU
		{6E02AAF0-E16E-4403-ACCB-32D25AD66B88}.Release|Any CPU.ActiveCfg = Release|Any CPU
		{6E02AAF0-E16E-4403-ACCB-32D25AD66B88}.Release|Any CPU.Build.0 = Release|Any CPU
		{F2D281FB-9EFC-4ADB-8D92-CD9350EB13CB}.Debug|Any CPU.ActiveCfg = Debug|Any CPU
		{F2D281FB-9EFC-4ADB-8D92-CD9350EB13CB}.Debug|Any CPU.Build.0 = Debug|Any CPU
		{F2D281FB-9EFC-4ADB-8D92-CD9350EB13CB}.Release|Any CPU.ActiveCfg = Release|Any CPU
		{F2D281FB-9EFC-4ADB-8D92-CD9350EB13CB}.Release|Any CPU.Build.0 = Release|Any CPU
	EndGlobalSection
	GlobalSection(SolutionProperties) = preSolution
		HideSolutionNode = FALSE
	EndGlobalSection
	GlobalSection(ExtensibilityGlobals) = postSolution
		SolutionGuid = {B918E703-CAD0-441C-9762-F4D3363A19FE}
	EndGlobalSection
EndGlobal
